
Microsoft Visual Studio Solution File, Format Version 12.00
# Visual Studio Version 17
VisualStudioVersion = 17.5.33516.290
MinimumVisualStudioVersion = 10.0.40219.1
Project("{FAE04EC0-301F-11D3-BF4B-00C04F79EFBC}") = "game", "game\game.csproj", "{ABDDC17D-CA60-45EF-94D7-468F99F7545E}"
EndProject
Global
	GlobalSection(SolutionConfigurationPlatforms) = preSolution
		Debug|Any CPU = Debug|Any CPU
		Release|Any CPU = Release|Any CPU
	EndGlobalSection
	GlobalSection(ProjectConfigurationPlatforms) = postSolution
		{ABDDC17D-CA60-45EF-94D7-468F99F7545E}.Debug|Any CPU.ActiveCfg = Debug|Any CPU
		{ABDDC17D-CA60-45EF-94D7-468F99F7545E}.Debug|Any CPU.Build.0 = Debug|Any CPU
		{ABDDC17D-CA60-45EF-94D7-468F99F7545E}.Release|Any CPU.ActiveCfg = Release|Any CPU
		{ABDDC17D-CA60-45EF-94D7-468F99F7545E}.Release|Any CPU.Build.0 = Release|Any CPU
	EndGlobalSection
	GlobalSection(SolutionProperties) = preSolution
		HideSolutionNode = FALSE
	EndGlobalSection
	GlobalSection(ExtensibilityGlobals) = postSolution
		SolutionGuid = {3B90AAFF-CD50-477C-B34F-C1D08E16FB84}
	EndGlobalSection
EndGlobal
